
Microsoft Visual Studio Solution File, Format Version 12.00
# Visual Studio Version 16
VisualStudioVersion = 16.0.29326.143
MinimumVisualStudioVersion = 10.0.40219.1
Project("{FAE04EC0-301F-11D3-BF4B-00C04F79EFBC}") = "Gerador de Chaves", "Gerador de Chaves.csproj", "{25835DCA-218F-4CC5-AA57-B52BF01AE72C}"
EndProject
Global
	GlobalSection(SolutionConfigurationPlatforms) = preSolution
		Debug|Any CPU = Debug|Any CPU
		Debug|x64 = Debug|x64
		Release|Any CPU = Release|Any CPU
		Release|x64 = Release|x64
	EndGlobalSection
	GlobalSection(ProjectConfigurationPlatforms) = postSolution
		{25835DCA-218F-4CC5-AA57-B52BF01AE72C}.Debug|Any CPU.ActiveCfg = Debug|Any CPU
		{25835DCA-218F-4CC5-AA57-B52BF01AE72C}.Debug|Any CPU.Build.0 = Debug|Any CPU
		{25835DCA-218F-4CC5-AA57-B52BF01AE72C}.Debug|x64.ActiveCfg = Debug|x64
		{25835DCA-218F-4CC5-AA57-B52BF01AE72C}.Debug|x64.Build.0 = Debug|x64
		{25835DCA-218F-4CC5-AA57-B52BF01AE72C}.Release|Any CPU.ActiveCfg = Release|Any CPU
		{25835DCA-218F-4CC5-AA57-B52BF01AE72C}.Release|Any CPU.Build.0 = Release|Any CPU
		{25835DCA-218F-4CC5-AA57-B52BF01AE72C}.Release|x64.ActiveCfg = Release|x64
		{25835DCA-218F-4CC5-AA57-B52BF01AE72C}.Release|x64.Build.0 = Release|x64
	EndGlobalSection
	GlobalSection(SolutionProperties) = preSolution
		HideSolutionNode = FALSE
	EndGlobalSection
	GlobalSection(ExtensibilityGlobals) = postSolution
		SolutionGuid = {761CE980-C2FC-44A8-9AEF-A9903CF45B2E}
	EndGlobalSection
EndGlobal
